// !$*UTF8*$!
{
	archiveVersion = 1;
	classes = {
	};
	objectVersion = 56;
	objects = {

/* Begin PBXBuildFile section */
		BD9729152ACA9EDE007B679A /* AppDelegate.swift in Sources */ = {isa = PBXBuildFile; fileRef = BD9729142ACA9EDE007B679A /* AppDelegate.swift */; };
		BD9729172ACA9EDE007B679A /* SceneDelegate.swift in Sources */ = {isa = PBXBuildFile; fileRef = BD9729162ACA9EDE007B679A /* SceneDelegate.swift */; };
		BD9729192ACA9EDE007B679A /* ViewController.swift in Sources */ = {isa = PBXBuildFile; fileRef = BD9729182ACA9EDE007B679A /* ViewController.swift */; };
		BD97291C2ACA9EDE007B679A /* Main.storyboard in Resources */ = {isa = PBXBuildFile; fileRef = BD97291A2ACA9EDE007B679A /* Main.storyboard */; };
		BD97291E2ACA9EE1007B679A /* Assets.xcassets in Resources */ = {isa = PBXBuildFile; fileRef = BD97291D2ACA9EE1007B679A /* Assets.xcassets */; };
		BD9729212ACA9EE1007B679A /* LaunchScreen.storyboard in Resources */ = {isa = PBXBuildFile; fileRef = BD97291F2ACA9EE1007B679A /* LaunchScreen.storyboard */; };
		BD97292A2ACA9F31007B679A /* RxBlocking in Frameworks */ = {isa = PBXBuildFile; productRef = BD9729292ACA9F31007B679A /* RxBlocking */; };
		BD97292C2ACA9F31007B679A /* RxBlocking-Dynamic in Frameworks */ = {isa = PBXBuildFile; productRef = BD97292B2ACA9F31007B679A /* RxBlocking-Dynamic */; };
		BD97292E2ACA9F31007B679A /* RxCocoa in Frameworks */ = {isa = PBXBuildFile; productRef = BD97292D2ACA9F31007B679A /* RxCocoa */; };
		BD9729302ACA9F31007B679A /* RxCocoa-Dynamic in Frameworks */ = {isa = PBXBuildFile; productRef = BD97292F2ACA9F31007B679A /* RxCocoa-Dynamic */; };
		BD9729322ACA9F31007B679A /* RxRelay in Frameworks */ = {isa = PBXBuildFile; productRef = BD9729312ACA9F31007B679A /* RxRelay */; };
		BD9729342ACA9F31007B679A /* RxRelay-Dynamic in Frameworks */ = {isa = PBXBuildFile; productRef = BD9729332ACA9F31007B679A /* RxRelay-Dynamic */; };
		BD9729362ACA9F31007B679A /* RxSwift in Frameworks */ = {isa = PBXBuildFile; productRef = BD9729352ACA9F31007B679A /* RxSwift */; };
		BD9729382ACA9F31007B679A /* RxSwift-Dynamic in Frameworks */ = {isa = PBXBuildFile; productRef = BD9729372ACA9F31007B679A /* RxSwift-Dynamic */; };
		BD97293A2ACA9F31007B679A /* RxTest in Frameworks */ = {isa = PBXBuildFile; productRef = BD9729392ACA9F31007B679A /* RxTest */; };
		BD97293C2ACA9F31007B679A /* RxTest-Dynamic in Frameworks */ = {isa = PBXBuildFile; productRef = BD97293B2ACA9F31007B679A /* RxTest-Dynamic */; };
		BD97293F2ACAA0E0007B679A /* CombineCocoa in Frameworks */ = {isa = PBXBuildFile; productRef = BD97293E2ACAA0E0007B679A /* CombineCocoa */; };
/* End PBXBuildFile section */

/* Begin PBXFileReference section */
		BD9729112ACA9EDE007B679A /* FlatmapLatestTest.app */ = {isa = PBXFileReference; explicitFileType = wrapper.application; includeInIndex = 0; path = FlatmapLatestTest.app; sourceTree = BUILT_PRODUCTS_DIR; };
		BD9729142ACA9EDE007B679A /* AppDelegate.swift */ = {isa = PBXFileReference; lastKnownFileType = sourcecode.swift; path = AppDelegate.swift; sourceTree = "<group>"; };
		BD9729162ACA9EDE007B679A /* SceneDelegate.swift */ = {isa = PBXFileReference; lastKnownFileType = sourcecode.swift; path = SceneDelegate.swift; sourceTree = "<group>"; };
		BD9729182ACA9EDE007B679A /* ViewController.swift */ = {isa = PBXFileReference; lastKnownFileType = sourcecode.swift; path = ViewController.swift; sourceTree = "<group>"; };
		BD97291B2ACA9EDE007B679A /* Base */ = {isa = PBXFileReference; lastKnownFileType = file.storyboard; name = Base; path = Base.lproj/Main.storyboard; sourceTree = "<group>"; };
		BD97291D2ACA9EE1007B679A /* Assets.xcassets */ = {isa = PBXFileReference; lastKnownFileType = folder.assetcatalog; path = Assets.xcassets; sourceTree = "<group>"; };
		BD9729202ACA9EE1007B679A /* Base */ = {isa = PBXFileReference; lastKnownFileType = file.storyboard; name = Base; path = Base.lproj/LaunchScreen.storyboard; sourceTree = "<group>"; };
		BD9729222ACA9EE1007B679A /* Info.plist */ = {isa = PBXFileReference; lastKnownFileType = text.plist.xml; path = Info.plist; sourceTree = "<group>"; };
/* End PBXFileReference section */

/* Begin PBXFrameworksBuildPhase section */
		BD97290E2ACA9EDE007B679A /* Frameworks */ = {
			isa = PBXFrameworksBuildPhase;
			buildActionMask = 2147483647;
			files = (
				BD97293F2ACAA0E0007B679A /* CombineCocoa in Frameworks */,
				BD9729382ACA9F31007B679A /* RxSwift-Dynamic in Frameworks */,
				BD97293A2ACA9F31007B679A /* RxTest in Frameworks */,
				BD9729322ACA9F31007B679A /* RxRelay in Frameworks */,
				BD9729302ACA9F31007B679A /* RxCocoa-Dynamic in Frameworks */,
				BD9729342ACA9F31007B679A /* RxRelay-Dynamic in Frameworks */,
				BD97292E2ACA9F31007B679A /* RxCocoa in Frameworks */,
				BD97292A2ACA9F31007B679A /* RxBlocking in Frameworks */,
				BD97292C2ACA9F31007B679A /* RxBlocking-Dynamic in Frameworks */,
				BD97293C2ACA9F31007B679A /* RxTest-Dynamic in Frameworks */,
				BD9729362ACA9F31007B679A /* RxSwift in Frameworks */,
			);
			runOnlyForDeploymentPostprocessing = 0;
		};
/* End PBXFrameworksBuildPhase section */

/* Begin PBXGroup section */
		BD9729082ACA9EDE007B679A = {
			isa = PBXGroup;
			children = (
				BD9729132ACA9EDE007B679A /* FlatmapLatestTest */,
				BD9729122ACA9EDE007B679A /* Products */,
			);
			sourceTree = "<group>";
		};
		BD9729122ACA9EDE007B679A /* Products */ = {
			isa = PBXGroup;
			children = (
				BD9729112ACA9EDE007B679A /* FlatmapLatestTest.app */,
			);
			name = Products;
			sourceTree = "<group>";
		};
		BD9729132ACA9EDE007B679A /* FlatmapLatestTest */ = {
			isa = PBXGroup;
			children = (
				BD9729142ACA9EDE007B679A /* AppDelegate.swift */,
				BD9729162ACA9EDE007B679A /* SceneDelegate.swift */,
				BD9729182ACA9EDE007B679A /* ViewController.swift */,
				BD97291A2ACA9EDE007B679A /* Main.storyboard */,
				BD97291D2ACA9EE1007B679A /* Assets.xcassets */,
				BD97291F2ACA9EE1007B679A /* LaunchScreen.storyboard */,
				BD9729222ACA9EE1007B679A /* Info.plist */,
			);
			path = FlatmapLatestTest;
			sourceTree = "<group>";
		};
/* End PBXGroup section */

/* Begin PBXNativeTarget section */
		BD9729102ACA9EDE007B679A /* FlatmapLatestTest */ = {
			isa = PBXNativeTarget;
			buildConfigurationList = BD9729252ACA9EE1007B679A /* Build configuration list for PBXNativeTarget "FlatmapLatestTest" */;
			buildPhases = (
				BD97290D2ACA9EDE007B679A /* Sources */,
				BD97290E2ACA9EDE007B679A /* Frameworks */,
				BD97290F2ACA9EDE007B679A /* Resources */,
			);
			buildRules = (
			);
			dependencies = (
			);
			name = FlatmapLatestTest;
			packageProductDependencies = (
				BD9729292ACA9F31007B679A /* RxBlocking */,
				BD97292B2ACA9F31007B679A /* RxBlocking-Dynamic */,
				BD97292D2ACA9F31007B679A /* RxCocoa */,
				BD97292F2ACA9F31007B679A /* RxCocoa-Dynamic */,
				BD9729312ACA9F31007B679A /* RxRelay */,
				BD9729332ACA9F31007B679A /* RxRelay-Dynamic */,
				BD9729352ACA9F31007B679A /* RxSwift */,
				BD9729372ACA9F31007B679A /* RxSwift-Dynamic */,
				BD9729392ACA9F31007B679A /* RxTest */,
				BD97293B2ACA9F31007B679A /* RxTest-Dynamic */,
				BD97293E2ACAA0E0007B679A /* CombineCocoa */,
			);
			productName = FlatmapLatestTest;
			productReference = BD9729112ACA9EDE007B679A /* FlatmapLatestTest.app */;
			productType = "com.apple.product-type.application";
		};
/* End PBXNativeTarget section */

/* Begin PBXProject section */
		BD9729092ACA9EDE007B679A /* Project object */ = {
			isa = PBXProject;
			attributes = {
				BuildIndependentTargetsInParallel = 1;
				LastSwiftUpdateCheck = 1500;
				LastUpgradeCheck = 1500;
				TargetAttributes = {
					BD9729102ACA9EDE007B679A = {
						CreatedOnToolsVersion = 15.0;
					};
				};
			};
			buildConfigurationList = BD97290C2ACA9EDE007B679A /* Build configuration list for PBXProject "FlatmapLatestTest" */;
			compatibilityVersion = "Xcode 14.0";
			developmentRegion = en;
			hasScannedForEncodings = 0;
			knownRegions = (
				en,
				Base,
			);
			mainGroup = BD9729082ACA9EDE007B679A;
			packageReferences = (
				BD9729282ACA9F31007B679A /* XCRemoteSwiftPackageReference "RxSwift" */,
				BD97293D2ACAA0E0007B679A /* XCRemoteSwiftPackageReference "CombineCocoa" */,
			);
			productRefGroup = BD9729122ACA9EDE007B679A /* Products */;
			projectDirPath = "";
			projectRoot = "";
			targets = (
				BD9729102ACA9EDE007B679A /* FlatmapLatestTest */,
			);
		};
/* End PBXProject section */

/* Begin PBXResourcesBuildPhase section */
		BD97290F2ACA9EDE007B679A /* Resources */ = {
			isa = PBXResourcesBuildPhase;
			buildActionMask = 2147483647;
			files = (
				BD9729212ACA9EE1007B679A /* LaunchScreen.storyboard in Resources */,
				BD97291E2ACA9EE1007B679A /* Assets.xcassets in Resources */,
				BD97291C2ACA9EDE007B679A /* Main.storyboard in Resources */,
			);
			runOnlyForDeploymentPostprocessing = 0;
		};
/* End PBXResourcesBuildPhase section */

/* Begin PBXSourcesBuildPhase section */
		BD97290D2ACA9EDE007B679A /* Sources */ = {
			isa = PBXSourcesBuildPhase;
			buildActionMask = 2147483647;
			files = (
				BD9729192ACA9EDE007B679A /* ViewController.swift in Sources */,
				BD9729152ACA9EDE007B679A /* AppDelegate.swift in Sources */,
				BD9729172ACA9EDE007B679A /* SceneDelegate.swift in Sources */,
			);
			runOnlyForDeploymentPostprocessing = 0;
		};
/* End PBXSourcesBuildPhase section */

/* Begin PBXVariantGroup section */
		BD97291A2ACA9EDE007B679A /* Main.storyboard */ = {
			isa = PBXVariantGroup;
			children = (
				BD97291B2ACA9EDE007B679A /* Base */,
			);
			name = Main.storyboard;
			sourceTree = "<group>";
		};
		BD97291F2ACA9EE1007B679A /* LaunchScreen.storyboard */ = {
			isa = PBXVariantGroup;
			children = (
				BD9729202ACA9EE1007B679A /* Base */,
			);
			name = LaunchScreen.storyboard;
			sourceTree = "<group>";
		};
/* End PBXVariantGroup section */

/* Begin XCBuildConfiguration section */
		BD9729232ACA9EE1007B679A /* Debug */ = {
			isa = XCBuildConfiguration;
			buildSettings = {
				ALWAYS_SEARCH_USER_PATHS = NO;
				ASSETCATALOG_COMPILER_GENERATE_SWIFT_ASSET_SYMBOL_EXTENSIONS = YES;
				CLANG_ANALYZER_NONNULL = YES;
				CLANG_ANALYZER_NUMBER_OBJECT_CONVERSION = YES_AGGRESSIVE;
				CLANG_CXX_LANGUAGE_STANDARD = "gnu++20";
				CLANG_ENABLE_MODULES = YES;
				CLANG_ENABLE_OBJC_ARC = YES;
				CLANG_ENABLE_OBJC_WEAK = YES;
				CLANG_WARN_BLOCK_CAPTURE_AUTORELEASING = YES;
				CLANG_WARN_BOOL_CONVERSION = YES;
				CLANG_WARN_COMMA = YES;
				CLANG_WARN_CONSTANT_CONVERSION = YES;
				CLANG_WARN_DEPRECATED_OBJC_IMPLEMENTATIONS = YES;
				CLANG_WARN_DIRECT_OBJC_ISA_USAGE = YES_ERROR;
				CLANG_WARN_DOCUMENTATION_COMMENTS = YES;
				CLANG_WARN_EMPTY_BODY = YES;
				CLANG_WARN_ENUM_CONVERSION = YES;
				CLANG_WARN_INFINITE_RECURSION = YES;
				CLANG_WARN_INT_CONVERSION = YES;
				CLANG_WARN_NON_LITERAL_NULL_CONVERSION = YES;
				CLANG_WARN_OBJC_IMPLICIT_RETAIN_SELF = YES;
				CLANG_WARN_OBJC_LITERAL_CONVERSION = YES;
				CLANG_WARN_OBJC_ROOT_CLASS = YES_ERROR;
				CLANG_WARN_QUOTED_INCLUDE_IN_FRAMEWORK_HEADER = YES;
				CLANG_WARN_RANGE_LOOP_ANALYSIS = YES;
				CLANG_WARN_STRICT_PROTOTYPES = YES;
				CLANG_WARN_SUSPICIOUS_MOVE = YES;
				CLANG_WARN_UNGUARDED_AVAILABILITY = YES_AGGRESSIVE;
				CLANG_WARN_UNREACHABLE_CODE = YES;
				CLANG_WARN__DUPLICATE_METHOD_MATCH = YES;
				COPY_PHASE_STRIP = NO;
				DEBUG_INFORMATION_FORMAT = dwarf;
				ENABLE_STRICT_OBJC_MSGSEND = YES;
				ENABLE_TESTABILITY = YES;
				ENABLE_USER_SCRIPT_SANDBOXING = YES;
				GCC_C_LANGUAGE_STANDARD = gnu17;
				GCC_DYNAMIC_NO_PIC = NO;
				GCC_NO_COMMON_BLOCKS = YES;
				GCC_OPTIMIZATION_LEVEL = 0;
				GCC_PREPROCESSOR_DEFINITIONS = (
					"DEBUG=1",
					"$(inherited)",
				);
				GCC_WARN_64_TO_32_BIT_CONVERSION = YES;
				GCC_WARN_ABOUT_RETURN_TYPE = YES_ERROR;
				GCC_WARN_UNDECLARED_SELECTOR = YES;
				GCC_WARN_UNINITIALIZED_AUTOS = YES_AGGRESSIVE;
				GCC_WARN_UNUSED_FUNCTION = YES;
				GCC_WARN_UNUSED_VARIABLE = YES;
				IPHONEOS_DEPLOYMENT_TARGET = 17.0;
				LOCALIZATION_PREFERS_STRING_CATALOGS = YES;
				MTL_ENABLE_DEBUG_INFO = INCLUDE_SOURCE;
				MTL_FAST_MATH = YES;
				ONLY_ACTIVE_ARCH = YES;
				SDKROOT = iphoneos;
				SWIFT_ACTIVE_COMPILATION_CONDITIONS = "DEBUG $(inherited)";
				SWIFT_OPTIMIZATION_LEVEL = "-Onone";
			};
			name = Debug;
		};
		BD9729242ACA9EE1007B679A /* Release */ = {
			isa = XCBuildConfiguration;
			buildSettings = {
				ALWAYS_SEARCH_USER_PATHS = NO;
				ASSETCATALOG_COMPILER_GENERATE_SWIFT_ASSET_SYMBOL_EXTENSIONS = YES;
				CLANG_ANALYZER_NONNULL = YES;
				CLANG_ANALYZER_NUMBER_OBJECT_CONVERSION = YES_AGGRESSIVE;
				CLANG_CXX_LANGUAGE_STANDARD = "gnu++20";
				CLANG_ENABLE_MODULES = YES;
				CLANG_ENABLE_OBJC_ARC = YES;
				CLANG_ENABLE_OBJC_WEAK = YES;
				CLANG_WARN_BLOCK_CAPTURE_AUTORELEASING = YES;
				CLANG_WARN_BOOL_CONVERSION = YES;
				CLANG_WARN_COMMA = YES;
				CLANG_WARN_CONSTANT_CONVERSION = YES;
				CLANG_WARN_DEPRECATED_OBJC_IMPLEMENTATIONS = YES;
				CLANG_WARN_DIRECT_OBJC_ISA_USAGE = YES_ERROR;
				CLANG_WARN_DOCUMENTATION_COMMENTS = YES;
				CLANG_WARN_EMPTY_BODY = YES;
				CLANG_WARN_ENUM_CONVERSION = YES;
				CLANG_WARN_INFINITE_RECURSION = YES;
				CLANG_WARN_INT_CONVERSION = YES;
				CLANG_WARN_NON_LITERAL_NULL_CONVERSION = YES;
				CLANG_WARN_OBJC_IMPLICIT_RETAIN_SELF = YES;
				CLANG_WARN_OBJC_LITERAL_CONVERSION = YES;
				CLANG_WARN_OBJC_ROOT_CLASS = YES_ERROR;
				CLANG_WARN_QUOTED_INCLUDE_IN_FRAMEWORK_HEADER = YES;
				CLANG_WARN_RANGE_LOOP_ANALYSIS = YES;
				CLANG_WARN_STRICT_PROTOTYPES = YES;
				CLANG_WARN_SUSPICIOUS_MOVE = YES;
				CLANG_WARN_UNGUARDED_AVAILABILITY = YES_AGGRESSIVE;
				CLANG_WARN_UNREACHABLE_CODE = YES;
				CLANG_WARN__DUPLICATE_METHOD_MATCH = YES;
				COPY_PHASE_STRIP = NO;
				DEBUG_INFORMATION_FORMAT = "dwarf-with-dsym";
				ENABLE_NS_ASSERTIONS = NO;
				ENABLE_STRICT_OBJC_MSGSEND = YES;
				ENABLE_USER_SCRIPT_SANDBOXING = YES;
				GCC_C_LANGUAGE_STANDARD = gnu17;
				GCC_NO_COMMON_BLOCKS = YES;
				GCC_WARN_64_TO_32_BIT_CONVERSION = YES;
				GCC_WARN_ABOUT_RETURN_TYPE = YES_ERROR;
				GCC_WARN_UNDECLARED_SELECTOR = YES;
				GCC_WARN_UNINITIALIZED_AUTOS = YES_AGGRESSIVE;
				GCC_WARN_UNUSED_FUNCTION = YES;
				GCC_WARN_UNUSED_VARIABLE = YES;
				IPHONEOS_DEPLOYMENT_TARGET = 17.0;
				LOCALIZATION_PREFERS_STRING_CATALOGS = YES;
				MTL_ENABLE_DEBUG_INFO = NO;
				MTL_FAST_MATH = YES;
				SDKROOT = iphoneos;
				SWIFT_COMPILATION_MODE = wholemodule;
				VALIDATE_PRODUCT = YES;
			};
			name = Release;
		};
		BD9729262ACA9EE1007B679A /* Debug */ = {
			isa = XCBuildConfiguration;
			buildSettings = {
				ASSETCATALOG_COMPILER_APPICON_NAME = AppIcon;
				ASSETCATALOG_COMPILER_GLOBAL_ACCENT_COLOR_NAME = AccentColor;
				CODE_SIGN_STYLE = Automatic;
				CURRENT_PROJECT_VERSION = 1;
				DEVELOPMENT_TEAM = 7DVWGZFH6N;
				GENERATE_INFOPLIST_FILE = YES;
				INFOPLIST_FILE = FlatmapLatestTest/Info.plist;
				INFOPLIST_KEY_UIApplicationSupportsIndirectInputEvents = YES;
				INFOPLIST_KEY_UILaunchStoryboardName = LaunchScreen;
				INFOPLIST_KEY_UIMainStoryboardFile = Main;
				INFOPLIST_KEY_UISupportedInterfaceOrientations_iPad = "UIInterfaceOrientationPortrait UIInterfaceOrientationPortraitUpsideDown UIInterfaceOrientationLandscapeLeft UIInterfaceOrientationLandscapeRight";
				INFOPLIST_KEY_UISupportedInterfaceOrientations_iPhone = "UIInterfaceOrientationPortrait UIInterfaceOrientationLandscapeLeft UIInterfaceOrientationLandscapeRight";
				LD_RUNPATH_SEARCH_PATHS = (
					"$(inherited)",
					"@executable_path/Frameworks",
				);
				MARKETING_VERSION = 1.0;
				PRODUCT_BUNDLE_IDENTIFIER = com.emptyhead.FlatmapLatestTest;
				PRODUCT_NAME = "$(TARGET_NAME)";
				SWIFT_EMIT_LOC_STRINGS = YES;
				SWIFT_VERSION = 5.0;
				TARGETED_DEVICE_FAMILY = "1,2";
			};
			name = Debug;
		};
		BD9729272ACA9EE1007B679A /* Release */ = {
			isa = XCBuildConfiguration;
			buildSettings = {
				ASSETCATALOG_COMPILER_APPICON_NAME = AppIcon;
				ASSETCATALOG_COMPILER_GLOBAL_ACCENT_COLOR_NAME = AccentColor;
				CODE_SIGN_STYLE = Automatic;
				CURRENT_PROJECT_VERSION = 1;
				DEVELOPMENT_TEAM = 7DVWGZFH6N;
				GENERATE_INFOPLIST_FILE = YES;
				INFOPLIST_FILE = FlatmapLatestTest/Info.plist;
				INFOPLIST_KEY_UIApplicationSupportsIndirectInputEvents = YES;
				INFOPLIST_KEY_UILaunchStoryboardName = LaunchScreen;
				INFOPLIST_KEY_UIMainStoryboardFile = Main;
				INFOPLIST_KEY_UISupportedInterfaceOrientations_iPad = "UIInterfaceOrientationPortrait UIInterfaceOrientationPortraitUpsideDown UIInterfaceOrientationLandscapeLeft UIInterfaceOrientationLandscapeRight";
				INFOPLIST_KEY_UISupportedInterfaceOrientations_iPhone = "UIInterfaceOrientationPortrait UIInterfaceOrientationLandscapeLeft UIInterfaceOrientationLandscapeRight";
				LD_RUNPATH_SEARCH_PATHS = (
					"$(inherited)",
					"@executable_path/Frameworks",
				);
				MARKETING_VERSION = 1.0;
				PRODUCT_BUNDLE_IDENTIFIER = com.emptyhead.FlatmapLatestTest;
				PRODUCT_NAME = "$(TARGET_NAME)";
				SWIFT_EMIT_LOC_STRINGS = YES;
				SWIFT_VERSION = 5.0;
				TARGETED_DEVICE_FAMILY = "1,2";
			};
			name = Release;
		};
/* End XCBuildConfiguration section */

/* Begin XCConfigurationList section */
		BD97290C2ACA9EDE007B679A /* Build configuration list for PBXProject "FlatmapLatestTest" */ = {
			isa = XCConfigurationList;
			buildConfigurations = (
				BD9729232ACA9EE1007B679A /* Debug */,
				BD9729242ACA9EE1007B679A /* Release */,
			);
			defaultConfigurationIsVisible = 0;
			defaultConfigurationName = Release;
		};
		BD9729252ACA9EE1007B679A /* Build configuration list for PBXNativeTarget "FlatmapLatestTest" */ = {
			isa = XCConfigurationList;
			buildConfigurations = (
				BD9729262ACA9EE1007B679A /* Debug */,
				BD9729272ACA9EE1007B679A /* Release */,
			);
			defaultConfigurationIsVisible = 0;
			defaultConfigurationName = Release;
		};
/* End XCConfigurationList section */

/* Begin XCRemoteSwiftPackageReference section */
		BD9729282ACA9F31007B679A /* XCRemoteSwiftPackageReference "RxSwift" */ = {
			isa = XCRemoteSwiftPackageReference;
			repositoryURL = "https://github.com/ReactiveX/RxSwift.git";
			requirement = {
				kind = upToNextMajorVersion;
				minimumVersion = 6.6.0;
			};
		};
		BD97293D2ACAA0E0007B679A /* XCRemoteSwiftPackageReference "CombineCocoa" */ = {
			isa = XCRemoteSwiftPackageReference;
			repositoryURL = "https://github.com/CombineCommunity/CombineCocoa.git";
			requirement = {
				kind = upToNextMajorVersion;
				minimumVersion = 0.4.1;
			};
		};
/* End XCRemoteSwiftPackageReference section */

/* Begin XCSwiftPackageProductDependency section */
		BD9729292ACA9F31007B679A /* RxBlocking */ = {
			isa = XCSwiftPackageProductDependency;
			package = BD9729282ACA9F31007B679A /* XCRemoteSwiftPackageReference "RxSwift" */;
			productName = RxBlocking;
		};
		BD97292B2ACA9F31007B679A /* RxBlocking-Dynamic */ = {
			isa = XCSwiftPackageProductDependency;
			package = BD9729282ACA9F31007B679A /* XCRemoteSwiftPackageReference "RxSwift" */;
			productName = "RxBlocking-Dynamic";
		};
		BD97292D2ACA9F31007B679A /* RxCocoa */ = {
			isa = XCSwiftPackageProductDependency;
			package = BD9729282ACA9F31007B679A /* XCRemoteSwiftPackageReference "RxSwift" */;
			productName = RxCocoa;
		};
		BD97292F2ACA9F31007B679A /* RxCocoa-Dynamic */ = {
			isa = XCSwiftPackageProductDependency;
			package = BD9729282ACA9F31007B679A /* XCRemoteSwiftPackageReference "RxSwift" */;
			productName = "RxCocoa-Dynamic";
		};
		BD9729312ACA9F31007B679A /* RxRelay */ = {
			isa = XCSwiftPackageProductDependency;
			package = BD9729282ACA9F31007B679A /* XCRemoteSwiftPackageReference "RxSwift" */;
			productName = RxRelay;
		};
		BD9729332ACA9F31007B679A /* RxRelay-Dynamic */ = {
			isa = XCSwiftPackageProductDependency;
			package = BD9729282ACA9F31007B679A /* XCRemoteSwiftPackageReference "RxSwift" */;
			productName = "RxRelay-Dynamic";
		};
		BD9729352ACA9F31007B679A /* RxSwift */ = {
			isa = XCSwiftPackageProductDependency;
			package = BD9729282ACA9F31007B679A /* XCRemoteSwiftPackageReference "RxSwift" */;
			productName = RxSwift;
		};
		BD9729372ACA9F31007B679A /* RxSwift-Dynamic */ = {
			isa = XCSwiftPackageProductDependency;
			package = BD9729282ACA9F31007B679A /* XCRemoteSwiftPackageReference "RxSwift" */;
			productName = "RxSwift-Dynamic";
		};
		BD9729392ACA9F31007B679A /* RxTest */ = {
			isa = XCSwiftPackageProductDependency;
			package = BD9729282ACA9F31007B679A /* XCRemoteSwiftPackageReference "RxSwift" */;
			productName = RxTest;
		};
		BD97293B2ACA9F31007B679A /* RxTest-Dynamic */ = {
			isa = XCSwiftPackageProductDependency;
			package = BD9729282ACA9F31007B679A /* XCRemoteSwiftPackageReference "RxSwift" */;
			productName = "RxTest-Dynamic";
		};
		BD97293E2ACAA0E0007B679A /* CombineCocoa */ = {
			isa = XCSwiftPackageProductDependency;
			package = BD97293D2ACAA0E0007B679A /* XCRemoteSwiftPackageReference "CombineCocoa" */;
			productName = CombineCocoa;
		};
/* End XCSwiftPackageProductDependency section */
	};
	rootObject = BD9729092ACA9EDE007B679A /* Project object */;
}
