// !$*UTF8*$!
{
	archiveVersion = 1;
	classes = {
	};
	objectVersion = 56;
	objects = {

/* Begin PBXBuildFile section */
		BD9728872AC16E2E007B679A /* AppDelegate.swift in Sources */ = {isa = PBXBuildFile; fileRef = BD9728862AC16E2E007B679A /* AppDelegate.swift */; };
		BD9728892AC16E2E007B679A /* SceneDelegate.swift in Sources */ = {isa = PBXBuildFile; fileRef = BD9728882AC16E2E007B679A /* SceneDelegate.swift */; };
		BD97288B2AC16E2E007B679A /* NameViewController.swift in Sources */ = {isa = PBXBuildFile; fileRef = BD97288A2AC16E2E007B679A /* NameViewController.swift */; };
		BD9728902AC16E33007B679A /* Assets.xcassets in Resources */ = {isa = PBXBuildFile; fileRef = BD97288F2AC16E33007B679A /* Assets.xcassets */; };
		BD9728932AC16E33007B679A /* LaunchScreen.storyboard in Resources */ = {isa = PBXBuildFile; fileRef = BD9728912AC16E33007B679A /* LaunchScreen.storyboard */; };
		BD97289F2AC18A75007B679A /* EmojiViewController.swift in Sources */ = {isa = PBXBuildFile; fileRef = BD97289E2AC18A75007B679A /* EmojiViewController.swift */; };
		BD9728A12AC18A84007B679A /* EmojiCollectionViewCell.swift in Sources */ = {isa = PBXBuildFile; fileRef = BD9728A02AC18A84007B679A /* EmojiCollectionViewCell.swift */; };
		BD9728A32AC18A95007B679A /* AttributedString+Ex.swift in Sources */ = {isa = PBXBuildFile; fileRef = BD9728A22AC18A95007B679A /* AttributedString+Ex.swift */; };
		DB39B5CD1F1F7B615CDE37C3 /* Pods_websocket_chatApp.framework in Frameworks */ = {isa = PBXBuildFile; fileRef = 8B51CBDD5482316A386E8498 /* Pods_websocket_chatApp.framework */; };
/* End PBXBuildFile section */

/* Begin PBXFileReference section */
		1A6EB950879D6ABEB99C1E07 /* Pods-websocket-chatApp.release.xcconfig */ = {isa = PBXFileReference; includeInIndex = 1; lastKnownFileType = text.xcconfig; name = "Pods-websocket-chatApp.release.xcconfig"; path = "Target Support Files/Pods-websocket-chatApp/Pods-websocket-chatApp.release.xcconfig"; sourceTree = "<group>"; };
		8B51CBDD5482316A386E8498 /* Pods_websocket_chatApp.framework */ = {isa = PBXFileReference; explicitFileType = wrapper.framework; includeInIndex = 0; path = Pods_websocket_chatApp.framework; sourceTree = BUILT_PRODUCTS_DIR; };
		A23795162CCF52AD31E10274 /* Pods-websocket-chatApp.debug.xcconfig */ = {isa = PBXFileReference; includeInIndex = 1; lastKnownFileType = text.xcconfig; name = "Pods-websocket-chatApp.debug.xcconfig"; path = "Target Support Files/Pods-websocket-chatApp/Pods-websocket-chatApp.debug.xcconfig"; sourceTree = "<group>"; };
		BD9728832AC16E2E007B679A /* websocket-chatApp.app */ = {isa = PBXFileReference; explicitFileType = wrapper.application; includeInIndex = 0; path = "websocket-chatApp.app"; sourceTree = BUILT_PRODUCTS_DIR; };
		BD9728862AC16E2E007B679A /* AppDelegate.swift */ = {isa = PBXFileReference; lastKnownFileType = sourcecode.swift; path = AppDelegate.swift; sourceTree = "<group>"; };
		BD9728882AC16E2E007B679A /* SceneDelegate.swift */ = {isa = PBXFileReference; lastKnownFileType = sourcecode.swift; path = SceneDelegate.swift; sourceTree = "<group>"; };
		BD97288A2AC16E2E007B679A /* NameViewController.swift */ = {isa = PBXFileReference; lastKnownFileType = sourcecode.swift; path = NameViewController.swift; sourceTree = "<group>"; };
		BD97288F2AC16E33007B679A /* Assets.xcassets */ = {isa = PBXFileReference; lastKnownFileType = folder.assetcatalog; path = Assets.xcassets; sourceTree = "<group>"; };
		BD9728922AC16E33007B679A /* Base */ = {isa = PBXFileReference; lastKnownFileType = file.storyboard; name = Base; path = Base.lproj/LaunchScreen.storyboard; sourceTree = "<group>"; };
		BD9728942AC16E33007B679A /* Info.plist */ = {isa = PBXFileReference; lastKnownFileType = text.plist.xml; path = Info.plist; sourceTree = "<group>"; };
		BD97289E2AC18A75007B679A /* EmojiViewController.swift */ = {isa = PBXFileReference; lastKnownFileType = sourcecode.swift; path = EmojiViewController.swift; sourceTree = "<group>"; };
		BD9728A02AC18A84007B679A /* EmojiCollectionViewCell.swift */ = {isa = PBXFileReference; lastKnownFileType = sourcecode.swift; path = EmojiCollectionViewCell.swift; sourceTree = "<group>"; };
		BD9728A22AC18A95007B679A /* AttributedString+Ex.swift */ = {isa = PBXFileReference; lastKnownFileType = sourcecode.swift; path = "AttributedString+Ex.swift"; sourceTree = "<group>"; };
/* End PBXFileReference section */

/* Begin PBXFrameworksBuildPhase section */
		BD9728802AC16E2E007B679A /* Frameworks */ = {
			isa = PBXFrameworksBuildPhase;
			buildActionMask = 2147483647;
			files = (
				DB39B5CD1F1F7B615CDE37C3 /* Pods_websocket_chatApp.framework in Frameworks */,
			);
			runOnlyForDeploymentPostprocessing = 0;
		};
/* End PBXFrameworksBuildPhase section */

/* Begin PBXGroup section */
		1B87FA0FEE5413B93E44F811 /* Frameworks */ = {
			isa = PBXGroup;
			children = (
				8B51CBDD5482316A386E8498 /* Pods_websocket_chatApp.framework */,
			);
			name = Frameworks;
			sourceTree = "<group>";
		};
		38943193201EE998930E2286 /* Pods */ = {
			isa = PBXGroup;
			children = (
				A23795162CCF52AD31E10274 /* Pods-websocket-chatApp.debug.xcconfig */,
				1A6EB950879D6ABEB99C1E07 /* Pods-websocket-chatApp.release.xcconfig */,
			);
			path = Pods;
			sourceTree = "<group>";
		};
		BD97287A2AC16E2E007B679A = {
			isa = PBXGroup;
			children = (
				BD9728852AC16E2E007B679A /* websocket-chatApp */,
				BD9728842AC16E2E007B679A /* Products */,
				38943193201EE998930E2286 /* Pods */,
				1B87FA0FEE5413B93E44F811 /* Frameworks */,
			);
			sourceTree = "<group>";
		};
		BD9728842AC16E2E007B679A /* Products */ = {
			isa = PBXGroup;
			children = (
				BD9728832AC16E2E007B679A /* websocket-chatApp.app */,
			);
			name = Products;
			sourceTree = "<group>";
		};
		BD9728852AC16E2E007B679A /* websocket-chatApp */ = {
			isa = PBXGroup;
			children = (
				BD97289D2AC18A14007B679A /* Util */,
				BD97289C2AC18A04007B679A /* Model */,
				BD97289A2AC189F1007B679A /* View */,
				BD97289B2AC189FA007B679A /* Controller */,
				BD9728862AC16E2E007B679A /* AppDelegate.swift */,
				BD9728882AC16E2E007B679A /* SceneDelegate.swift */,
				BD97288F2AC16E33007B679A /* Assets.xcassets */,
				BD9728912AC16E33007B679A /* LaunchScreen.storyboard */,
				BD9728942AC16E33007B679A /* Info.plist */,
			);
			path = "websocket-chatApp";
			sourceTree = "<group>";
		};
		BD97289A2AC189F1007B679A /* View */ = {
			isa = PBXGroup;
			children = (
				BD9728A02AC18A84007B679A /* EmojiCollectionViewCell.swift */,
			);
			path = View;
			sourceTree = "<group>";
		};
		BD97289B2AC189FA007B679A /* Controller */ = {
			isa = PBXGroup;
			children = (
				BD97288A2AC16E2E007B679A /* NameViewController.swift */,
				BD97289E2AC18A75007B679A /* EmojiViewController.swift */,
			);
			path = Controller;
			sourceTree = "<group>";
		};
		BD97289C2AC18A04007B679A /* Model */ = {
			isa = PBXGroup;
			children = (
			);
			path = Model;
			sourceTree = "<group>";
		};
		BD97289D2AC18A14007B679A /* Util */ = {
			isa = PBXGroup;
			children = (
				BD9728A22AC18A95007B679A /* AttributedString+Ex.swift */,
			);
			path = Util;
			sourceTree = "<group>";
		};
/* End PBXGroup section */

/* Begin PBXNativeTarget section */
		BD9728822AC16E2E007B679A /* websocket-chatApp */ = {
			isa = PBXNativeTarget;
			buildConfigurationList = BD9728972AC16E33007B679A /* Build configuration list for PBXNativeTarget "websocket-chatApp" */;
			buildPhases = (
				EEB32AC08857E6B7F6DAB7C6 /* [CP] Check Pods Manifest.lock */,
				BD97287F2AC16E2E007B679A /* Sources */,
				BD9728802AC16E2E007B679A /* Frameworks */,
				BD9728812AC16E2E007B679A /* Resources */,
				A62A426B073E3C78D3E553BB /* [CP] Embed Pods Frameworks */,
			);
			buildRules = (
			);
			dependencies = (
			);
			name = "websocket-chatApp";
			productName = "websocket-chatApp";
			productReference = BD9728832AC16E2E007B679A /* websocket-chatApp.app */;
			productType = "com.apple.product-type.application";
		};
/* End PBXNativeTarget section */

/* Begin PBXProject section */
		BD97287B2AC16E2E007B679A /* Project object */ = {
			isa = PBXProject;
			attributes = {
				BuildIndependentTargetsInParallel = 1;
				LastSwiftUpdateCheck = 1500;
				LastUpgradeCheck = 1500;
				TargetAttributes = {
					BD9728822AC16E2E007B679A = {
						CreatedOnToolsVersion = 15.0;
					};
				};
			};
			buildConfigurationList = BD97287E2AC16E2E007B679A /* Build configuration list for PBXProject "websocket-chatApp" */;
			compatibilityVersion = "Xcode 14.0";
			developmentRegion = en;
			hasScannedForEncodings = 0;
			knownRegions = (
				en,
				Base,
			);
			mainGroup = BD97287A2AC16E2E007B679A;
			productRefGroup = BD9728842AC16E2E007B679A /* Products */;
			projectDirPath = "";
			projectRoot = "";
			targets = (
				BD9728822AC16E2E007B679A /* websocket-chatApp */,
			);
		};
/* End PBXProject section */

/* Begin PBXResourcesBuildPhase section */
		BD9728812AC16E2E007B679A /* Resources */ = {
			isa = PBXResourcesBuildPhase;
			buildActionMask = 2147483647;
			files = (
				BD9728932AC16E33007B679A /* LaunchScreen.storyboard in Resources */,
				BD9728902AC16E33007B679A /* Assets.xcassets in Resources */,
			);
			runOnlyForDeploymentPostprocessing = 0;
		};
/* End PBXResourcesBuildPhase section */

/* Begin PBXShellScriptBuildPhase section */
		A62A426B073E3C78D3E553BB /* [CP] Embed Pods Frameworks */ = {
			isa = PBXShellScriptBuildPhase;
			buildActionMask = 2147483647;
			files = (
			);
			inputFileListPaths = (
				"${PODS_ROOT}/Target Support Files/Pods-websocket-chatApp/Pods-websocket-chatApp-frameworks-${CONFIGURATION}-input-files.xcfilelist",
			);
			name = "[CP] Embed Pods Frameworks";
			outputFileListPaths = (
				"${PODS_ROOT}/Target Support Files/Pods-websocket-chatApp/Pods-websocket-chatApp-frameworks-${CONFIGURATION}-output-files.xcfilelist",
			);
			runOnlyForDeploymentPostprocessing = 0;
			shellPath = /bin/sh;
			shellScript = "\"${PODS_ROOT}/Target Support Files/Pods-websocket-chatApp/Pods-websocket-chatApp-frameworks.sh\"\n";
			showEnvVarsInLog = 0;
		};
		EEB32AC08857E6B7F6DAB7C6 /* [CP] Check Pods Manifest.lock */ = {
			isa = PBXShellScriptBuildPhase;
			buildActionMask = 2147483647;
			files = (
			);
			inputFileListPaths = (
			);
			inputPaths = (
				"${PODS_PODFILE_DIR_PATH}/Podfile.lock",
				"${PODS_ROOT}/Manifest.lock",
			);
			name = "[CP] Check Pods Manifest.lock";
			outputFileListPaths = (
			);
			outputPaths = (
				"$(DERIVED_FILE_DIR)/Pods-websocket-chatApp-checkManifestLockResult.txt",
			);
			runOnlyForDeploymentPostprocessing = 0;
			shellPath = /bin/sh;
			shellScript = "diff \"${PODS_PODFILE_DIR_PATH}/Podfile.lock\" \"${PODS_ROOT}/Manifest.lock\" > /dev/null\nif [ $? != 0 ] ; then\n    # print error to STDERR\n    echo \"error: The sandbox is not in sync with the Podfile.lock. Run 'pod install' or update your CocoaPods installation.\" >&2\n    exit 1\nfi\n# This output is used by Xcode 'outputs' to avoid re-running this script phase.\necho \"SUCCESS\" > \"${SCRIPT_OUTPUT_FILE_0}\"\n";
			showEnvVarsInLog = 0;
		};
/* End PBXShellScriptBuildPhase section */

/* Begin PBXSourcesBuildPhase section */
		BD97287F2AC16E2E007B679A /* Sources */ = {
			isa = PBXSourcesBuildPhase;
			buildActionMask = 2147483647;
			files = (
				BD97288B2AC16E2E007B679A /* NameViewController.swift in Sources */,
				BD9728872AC16E2E007B679A /* AppDelegate.swift in Sources */,
				BD9728A12AC18A84007B679A /* EmojiCollectionViewCell.swift in Sources */,
				BD9728892AC16E2E007B679A /* SceneDelegate.swift in Sources */,
				BD97289F2AC18A75007B679A /* EmojiViewController.swift in Sources */,
				BD9728A32AC18A95007B679A /* AttributedString+Ex.swift in Sources */,
			);
			runOnlyForDeploymentPostprocessing = 0;
		};
/* End PBXSourcesBuildPhase section */

/* Begin PBXVariantGroup section */
		BD9728912AC16E33007B679A /* LaunchScreen.storyboard */ = {
			isa = PBXVariantGroup;
			children = (
				BD9728922AC16E33007B679A /* Base */,
			);
			name = LaunchScreen.storyboard;
			sourceTree = "<group>";
		};
/* End PBXVariantGroup section */

/* Begin XCBuildConfiguration section */
		BD9728952AC16E33007B679A /* Debug */ = {
			isa = XCBuildConfiguration;
			buildSettings = {
				ALWAYS_SEARCH_USER_PATHS = NO;
				ASSETCATALOG_COMPILER_GENERATE_SWIFT_ASSET_SYMBOL_EXTENSIONS = YES;
				CLANG_ANALYZER_NONNULL = YES;
				CLANG_ANALYZER_NUMBER_OBJECT_CONVERSION = YES_AGGRESSIVE;
				CLANG_CXX_LANGUAGE_STANDARD = "gnu++20";
				CLANG_ENABLE_MODULES = YES;
				CLANG_ENABLE_OBJC_ARC = YES;
				CLANG_ENABLE_OBJC_WEAK = YES;
				CLANG_WARN_BLOCK_CAPTURE_AUTORELEASING = YES;
				CLANG_WARN_BOOL_CONVERSION = YES;
				CLANG_WARN_COMMA = YES;
				CLANG_WARN_CONSTANT_CONVERSION = YES;
				CLANG_WARN_DEPRECATED_OBJC_IMPLEMENTATIONS = YES;
				CLANG_WARN_DIRECT_OBJC_ISA_USAGE = YES_ERROR;
				CLANG_WARN_DOCUMENTATION_COMMENTS = YES;
				CLANG_WARN_EMPTY_BODY = YES;
				CLANG_WARN_ENUM_CONVERSION = YES;
				CLANG_WARN_INFINITE_RECURSION = YES;
				CLANG_WARN_INT_CONVERSION = YES;
				CLANG_WARN_NON_LITERAL_NULL_CONVERSION = YES;
				CLANG_WARN_OBJC_IMPLICIT_RETAIN_SELF = YES;
				CLANG_WARN_OBJC_LITERAL_CONVERSION = YES;
				CLANG_WARN_OBJC_ROOT_CLASS = YES_ERROR;
				CLANG_WARN_QUOTED_INCLUDE_IN_FRAMEWORK_HEADER = YES;
				CLANG_WARN_RANGE_LOOP_ANALYSIS = YES;
				CLANG_WARN_STRICT_PROTOTYPES = YES;
				CLANG_WARN_SUSPICIOUS_MOVE = YES;
				CLANG_WARN_UNGUARDED_AVAILABILITY = YES_AGGRESSIVE;
				CLANG_WARN_UNREACHABLE_CODE = YES;
				CLANG_WARN__DUPLICATE_METHOD_MATCH = YES;
				COPY_PHASE_STRIP = NO;
				DEBUG_INFORMATION_FORMAT = dwarf;
				ENABLE_STRICT_OBJC_MSGSEND = YES;
				ENABLE_TESTABILITY = YES;
				ENABLE_USER_SCRIPT_SANDBOXING = NO;
				GCC_C_LANGUAGE_STANDARD = gnu17;
				GCC_DYNAMIC_NO_PIC = NO;
				GCC_NO_COMMON_BLOCKS = YES;
				GCC_OPTIMIZATION_LEVEL = 0;
				GCC_PREPROCESSOR_DEFINITIONS = (
					"DEBUG=1",
					"$(inherited)",
				);
				GCC_WARN_64_TO_32_BIT_CONVERSION = YES;
				GCC_WARN_ABOUT_RETURN_TYPE = YES_ERROR;
				GCC_WARN_UNDECLARED_SELECTOR = YES;
				GCC_WARN_UNINITIALIZED_AUTOS = YES_AGGRESSIVE;
				GCC_WARN_UNUSED_FUNCTION = YES;
				GCC_WARN_UNUSED_VARIABLE = YES;
				IPHONEOS_DEPLOYMENT_TARGET = 13.0;
				LOCALIZATION_PREFERS_STRING_CATALOGS = YES;
				MTL_ENABLE_DEBUG_INFO = INCLUDE_SOURCE;
				MTL_FAST_MATH = YES;
				ONLY_ACTIVE_ARCH = YES;
				SDKROOT = iphoneos;
				SWIFT_ACTIVE_COMPILATION_CONDITIONS = "DEBUG $(inherited)";
				SWIFT_OPTIMIZATION_LEVEL = "-Onone";
			};
			name = Debug;
		};
		BD9728962AC16E33007B679A /* Release */ = {
			isa = XCBuildConfiguration;
			buildSettings = {
				ALWAYS_SEARCH_USER_PATHS = NO;
				ASSETCATALOG_COMPILER_GENERATE_SWIFT_ASSET_SYMBOL_EXTENSIONS = YES;
				CLANG_ANALYZER_NONNULL = YES;
				CLANG_ANALYZER_NUMBER_OBJECT_CONVERSION = YES_AGGRESSIVE;
				CLANG_CXX_LANGUAGE_STANDARD = "gnu++20";
				CLANG_ENABLE_MODULES = YES;
				CLANG_ENABLE_OBJC_ARC = YES;
				CLANG_ENABLE_OBJC_WEAK = YES;
				CLANG_WARN_BLOCK_CAPTURE_AUTORELEASING = YES;
				CLANG_WARN_BOOL_CONVERSION = YES;
				CLANG_WARN_COMMA = YES;
				CLANG_WARN_CONSTANT_CONVERSION = YES;
				CLANG_WARN_DEPRECATED_OBJC_IMPLEMENTATIONS = YES;
				CLANG_WARN_DIRECT_OBJC_ISA_USAGE = YES_ERROR;
				CLANG_WARN_DOCUMENTATION_COMMENTS = YES;
				CLANG_WARN_EMPTY_BODY = YES;
				CLANG_WARN_ENUM_CONVERSION = YES;
				CLANG_WARN_INFINITE_RECURSION = YES;
				CLANG_WARN_INT_CONVERSION = YES;
				CLANG_WARN_NON_LITERAL_NULL_CONVERSION = YES;
				CLANG_WARN_OBJC_IMPLICIT_RETAIN_SELF = YES;
				CLANG_WARN_OBJC_LITERAL_CONVERSION = YES;
				CLANG_WARN_OBJC_ROOT_CLASS = YES_ERROR;
				CLANG_WARN_QUOTED_INCLUDE_IN_FRAMEWORK_HEADER = YES;
				CLANG_WARN_RANGE_LOOP_ANALYSIS = YES;
				CLANG_WARN_STRICT_PROTOTYPES = YES;
				CLANG_WARN_SUSPICIOUS_MOVE = YES;
				CLANG_WARN_UNGUARDED_AVAILABILITY = YES_AGGRESSIVE;
				CLANG_WARN_UNREACHABLE_CODE = YES;
				CLANG_WARN__DUPLICATE_METHOD_MATCH = YES;
				COPY_PHASE_STRIP = NO;
				DEBUG_INFORMATION_FORMAT = "dwarf-with-dsym";
				ENABLE_NS_ASSERTIONS = NO;
				ENABLE_STRICT_OBJC_MSGSEND = YES;
				ENABLE_USER_SCRIPT_SANDBOXING = NO;
				GCC_C_LANGUAGE_STANDARD = gnu17;
				GCC_NO_COMMON_BLOCKS = YES;
				GCC_WARN_64_TO_32_BIT_CONVERSION = YES;
				GCC_WARN_ABOUT_RETURN_TYPE = YES_ERROR;
				GCC_WARN_UNDECLARED_SELECTOR = YES;
				GCC_WARN_UNINITIALIZED_AUTOS = YES_AGGRESSIVE;
				GCC_WARN_UNUSED_FUNCTION = YES;
				GCC_WARN_UNUSED_VARIABLE = YES;
				IPHONEOS_DEPLOYMENT_TARGET = 13.0;
				LOCALIZATION_PREFERS_STRING_CATALOGS = YES;
				MTL_ENABLE_DEBUG_INFO = NO;
				MTL_FAST_MATH = YES;
				SDKROOT = iphoneos;
				SWIFT_COMPILATION_MODE = wholemodule;
				VALIDATE_PRODUCT = YES;
			};
			name = Release;
		};
		BD9728982AC16E33007B679A /* Debug */ = {
			isa = XCBuildConfiguration;
			baseConfigurationReference = A23795162CCF52AD31E10274 /* Pods-websocket-chatApp.debug.xcconfig */;
			buildSettings = {
				ASSETCATALOG_COMPILER_APPICON_NAME = AppIcon;
				ASSETCATALOG_COMPILER_GLOBAL_ACCENT_COLOR_NAME = AccentColor;
				CODE_SIGN_STYLE = Automatic;
				CURRENT_PROJECT_VERSION = 1;
				GENERATE_INFOPLIST_FILE = YES;
				INFOPLIST_FILE = "websocket-chatApp/Info.plist";
				INFOPLIST_KEY_UIApplicationSupportsIndirectInputEvents = YES;
				INFOPLIST_KEY_UILaunchStoryboardName = LaunchScreen;
				INFOPLIST_KEY_UISupportedInterfaceOrientations_iPad = "UIInterfaceOrientationPortrait UIInterfaceOrientationPortraitUpsideDown UIInterfaceOrientationLandscapeLeft UIInterfaceOrientationLandscapeRight";
				INFOPLIST_KEY_UISupportedInterfaceOrientations_iPhone = "UIInterfaceOrientationPortrait UIInterfaceOrientationLandscapeLeft UIInterfaceOrientationLandscapeRight";
				IPHONEOS_DEPLOYMENT_TARGET = 13.0;
				LD_RUNPATH_SEARCH_PATHS = (
					"$(inherited)",
					"@executable_path/Frameworks",
				);
				MARKETING_VERSION = 1.0;
				PRODUCT_BUNDLE_IDENTIFIER = "com.emptyhead.websocket-chatApp";
				PRODUCT_NAME = "$(TARGET_NAME)";
				SWIFT_EMIT_LOC_STRINGS = YES;
				SWIFT_VERSION = 5.0;
				TARGETED_DEVICE_FAMILY = "1,2";
			};
			name = Debug;
		};
		BD9728992AC16E33007B679A /* Release */ = {
			isa = XCBuildConfiguration;
			baseConfigurationReference = 1A6EB950879D6ABEB99C1E07 /* Pods-websocket-chatApp.release.xcconfig */;
			buildSettings = {
				ASSETCATALOG_COMPILER_APPICON_NAME = AppIcon;
				ASSETCATALOG_COMPILER_GLOBAL_ACCENT_COLOR_NAME = AccentColor;
				CODE_SIGN_STYLE = Automatic;
				CURRENT_PROJECT_VERSION = 1;
				GENERATE_INFOPLIST_FILE = YES;
				INFOPLIST_FILE = "websocket-chatApp/Info.plist";
				INFOPLIST_KEY_UIApplicationSupportsIndirectInputEvents = YES;
				INFOPLIST_KEY_UILaunchStoryboardName = LaunchScreen;
				INFOPLIST_KEY_UISupportedInterfaceOrientations_iPad = "UIInterfaceOrientationPortrait UIInterfaceOrientationPortraitUpsideDown UIInterfaceOrientationLandscapeLeft UIInterfaceOrientationLandscapeRight";
				INFOPLIST_KEY_UISupportedInterfaceOrientations_iPhone = "UIInterfaceOrientationPortrait UIInterfaceOrientationLandscapeLeft UIInterfaceOrientationLandscapeRight";
				IPHONEOS_DEPLOYMENT_TARGET = 13.0;
				LD_RUNPATH_SEARCH_PATHS = (
					"$(inherited)",
					"@executable_path/Frameworks",
				);
				MARKETING_VERSION = 1.0;
				PRODUCT_BUNDLE_IDENTIFIER = "com.emptyhead.websocket-chatApp";
				PRODUCT_NAME = "$(TARGET_NAME)";
				SWIFT_EMIT_LOC_STRINGS = YES;
				SWIFT_VERSION = 5.0;
				TARGETED_DEVICE_FAMILY = "1,2";
			};
			name = Release;
		};
/* End XCBuildConfiguration section */

/* Begin XCConfigurationList section */
		BD97287E2AC16E2E007B679A /* Build configuration list for PBXProject "websocket-chatApp" */ = {
			isa = XCConfigurationList;
			buildConfigurations = (
				BD9728952AC16E33007B679A /* Debug */,
				BD9728962AC16E33007B679A /* Release */,
			);
			defaultConfigurationIsVisible = 0;
			defaultConfigurationName = Release;
		};
		BD9728972AC16E33007B679A /* Build configuration list for PBXNativeTarget "websocket-chatApp" */ = {
			isa = XCConfigurationList;
			buildConfigurations = (
				BD9728982AC16E33007B679A /* Debug */,
				BD9728992AC16E33007B679A /* Release */,
			);
			defaultConfigurationIsVisible = 0;
			defaultConfigurationName = Release;
		};
/* End XCConfigurationList section */
	};
	rootObject = BD97287B2AC16E2E007B679A /* Project object */;
}
